
Microsoft Visual Studio Solution File, Format Version 12.00
# Visual Studio Version 17
VisualStudioVersion = 17.7.34221.43
MinimumVisualStudioVersion = 10.0.40219.1
Project("{FAE04EC0-301F-11D3-BF4B-00C04F79EFBC}") = "SistemadeVentas.Api", "SistemadeVentas.Api\SistemadeVentas.Api.csproj", "{94D98840-6BDD-4BA3-B607-3641EE02E37E}"
EndProject
Project("{FAE04EC0-301F-11D3-BF4B-00C04F79EFBC}") = "SistemadeVentas.DAL", "SistemadeVentas.DAL\SistemadeVentas.DAL.csproj", "{8244F24C-7AD0-454C-9022-FE079E205E9F}"
EndProject
Project("{FAE04EC0-301F-11D3-BF4B-00C04F79EFBC}") = "SistemadeVentas.BLL", "SistemadeVentas.BLL\SistemadeVentas.BLL.csproj", "{2DD3BFED-665C-4C06-8E12-EF0C234978B0}"
EndProject
Project("{9A19103F-16F7-4668-BE54-9A1E7A4F7556}") = "SistemadeVentas.Model", "SistemadeVentas.Model\SistemadeVentas.Model.csproj", "{9C103A6E-47C1-4204-80F3-C1551984B056}"
EndProject
Project("{FAE04EC0-301F-11D3-BF4B-00C04F79EFBC}") = "SistemadeVentas.IOC", "SistemadeVentas.IOC\SistemadeVentas.IOC.csproj", "{0892EB85-E46E-4D56-A99B-1C65A8AF2F5C}"
EndProject
Project("{FAE04EC0-301F-11D3-BF4B-00C04F79EFBC}") = "SistemadeVentas.DTO", "SistemadeVentas.DTO\SistemadeVentas.DTO.csproj", "{C47E4F30-42F0-48DA-A1F6-C1E0C122FD6C}"
EndProject
Project("{FAE04EC0-301F-11D3-BF4B-00C04F79EFBC}") = "SistemadeVentas.Utility", "SistemadeVentas.Utility\SistemadeVentas.Utility.csproj", "{1991F039-1372-440D-843B-D5FF1CF92DBA}"
EndProject
Global
	GlobalSection(SolutionConfigurationPlatforms) = preSolution
		Debug|Any CPU = Debug|Any CPU
		Release|Any CPU = Release|Any CPU
	EndGlobalSection
	GlobalSection(ProjectConfigurationPlatforms) = postSolution
		{94D98840-6BDD-4BA3-B607-3641EE02E37E}.Debug|Any CPU.ActiveCfg = Debug|Any CPU
		{94D98840-6BDD-4BA3-B607-3641EE02E37E}.Debug|Any CPU.Build.0 = Debug|Any CPU
		{94D98840-6BDD-4BA3-B607-3641EE02E37E}.Release|Any CPU.ActiveCfg = Release|Any CPU
		{94D98840-6BDD-4BA3-B607-3641EE02E37E}.Release|Any CPU.Build.0 = Release|Any CPU
		{8244F24C-7AD0-454C-9022-FE079E205E9F}.Debug|Any CPU.ActiveCfg = Debug|Any CPU
		{8244F24C-7AD0-454C-9022-FE079E205E9F}.Debug|Any CPU.Build.0 = Debug|Any CPU
		{8244F24C-7AD0-454C-9022-FE079E205E9F}.Release|Any CPU.ActiveCfg = Release|Any CPU
		{8244F24C-7AD0-454C-9022-FE079E205E9F}.Release|Any CPU.Build.0 = Release|Any CPU
		{2DD3BFED-665C-4C06-8E12-EF0C234978B0}.Debug|Any CPU.ActiveCfg = Debug|Any CPU
		{2DD3BFED-665C-4C06-8E12-EF0C234978B0}.Debug|Any CPU.Build.0 = Debug|Any CPU
		{2DD3BFED-665C-4C06-8E12-EF0C234978B0}.Release|Any CPU.ActiveCfg = Release|Any CPU
		{2DD3BFED-665C-4C06-8E12-EF0C234978B0}.Release|Any CPU.Build.0 = Release|Any CPU
		{9C103A6E-47C1-4204-80F3-C1551984B056}.Debug|Any CPU.ActiveCfg = Debug|Any CPU
		{9C103A6E-47C1-4204-80F3-C1551984B056}.Debug|Any CPU.Build.0 = Debug|Any CPU
		{9C103A6E-47C1-4204-80F3-C1551984B056}.Release|Any CPU.ActiveCfg = Release|Any CPU
		{9C103A6E-47C1-4204-80F3-C1551984B056}.Release|Any CPU.Build.0 = Release|Any CPU
		{0892EB85-E46E-4D56-A99B-1C65A8AF2F5C}.Debug|Any CPU.ActiveCfg = Debug|Any CPU
		{0892EB85-E46E-4D56-A99B-1C65A8AF2F5C}.Debug|Any CPU.Build.0 = Debug|Any CPU
		{0892EB85-E46E-4D56-A99B-1C65A8AF2F5C}.Release|Any CPU.ActiveCfg = Release|Any CPU
		{0892EB85-E46E-4D56-A99B-1C65A8AF2F5C}.Release|Any CPU.Build.0 = Release|Any CPU
		{C47E4F30-42F0-48DA-A1F6-C1E0C122FD6C}.Debug|Any CPU.ActiveCfg = Debug|Any CPU
		{C47E4F30-42F0-48DA-A1F6-C1E0C122FD6C}.Debug|Any CPU.Build.0 = Debug|Any CPU
		{C47E4F30-42F0-48DA-A1F6-C1E0C122FD6C}.Release|Any CPU.ActiveCfg = Release|Any CPU
		{C47E4F30-42F0-48DA-A1F6-C1E0C122FD6C}.Release|Any CPU.Build.0 = Release|Any CPU
		{1991F039-1372-440D-843B-D5FF1CF92DBA}.Debug|Any CPU.ActiveCfg = Debug|Any CPU
		{1991F039-1372-440D-843B-D5FF1CF92DBA}.Debug|Any CPU.Build.0 = Debug|Any CPU
		{1991F039-1372-440D-843B-D5FF1CF92DBA}.Release|Any CPU.ActiveCfg = Release|Any CPU
		{1991F039-1372-440D-843B-D5FF1CF92DBA}.Release|Any CPU.Build.0 = Release|Any CPU
	EndGlobalSection
	GlobalSection(SolutionProperties) = preSolution
		HideSolutionNode = FALSE
	EndGlobalSection
	GlobalSection(ExtensibilityGlobals) = postSolution
		SolutionGuid = {BD4FFD64-4AD5-4BFB-BEB4-AC998EAD642D}
	EndGlobalSection
EndGlobal
